
Microsoft Visual Studio Solution File, Format Version 12.00
# Visual Studio 15
VisualStudioVersion = 15.0.27130.2010
MinimumVisualStudioVersion = 10.0.40219.1
Project("{FAE04EC0-301F-11D3-BF4B-00C04F79EFBC}") = "SocketClientForCShape", "SocketClientForCShape\SocketClientForCShape.csproj", "{33C06A2E-997A-4F3E-8B5C-ED6D07E33921}"
EndProject
Global
	GlobalSection(SolutionConfigurationPlatforms) = preSolution
		Debug|Any CPU = Debug|Any CPU
		Release|Any CPU = Release|Any CPU
	EndGlobalSection
	GlobalSection(ProjectConfigurationPlatforms) = postSolution
		{33C06A2E-997A-4F3E-8B5C-ED6D07E33921}.Debug|Any CPU.ActiveCfg = Debug|Any CPU
		{33C06A2E-997A-4F3E-8B5C-ED6D07E33921}.Debug|Any CPU.Build.0 = Debug|Any CPU
		{33C06A2E-997A-4F3E-8B5C-ED6D07E33921}.Release|Any CPU.ActiveCfg = Release|Any CPU
		{33C06A2E-997A-4F3E-8B5C-ED6D07E33921}.Release|Any CPU.Build.0 = Release|Any CPU
	EndGlobalSection
	GlobalSection(SolutionProperties) = preSolution
		HideSolutionNode = FALSE
	EndGlobalSection
	GlobalSection(ExtensibilityGlobals) = postSolution
		SolutionGuid = {6B3B7AAC-F76D-4236-AFC6-7D511BB0CFF6}
	EndGlobalSection
EndGlobal
